
Microsoft Visual Studio Solution File, Format Version 12.00
# Visual Studio 15
VisualStudioVersion = 15.0.27004.2009
MinimumVisualStudioVersion = 10.0.40219.1
Project("{9A19103F-16F7-4668-BE54-9A1E7A4F7556}") = "Webpack.App", "WebApplication4\Webpack.App.csproj", "{825DD96D-26E6-4407-B200-19648026F7CE}"
EndProject
Project("{9A19103F-16F7-4668-BE54-9A1E7A4F7556}") = "Webpack.EntityFramework", "Webpack.EntityFramework\Webpack.EntityFramework.csproj", "{85F9A5C7-945F-4204-92FD-5E0E18A1D9B9}"
EndProject
Project("{9A19103F-16F7-4668-BE54-9A1E7A4F7556}") = "Webpack.Domain", "Webpack.Service\Webpack.Domain.csproj", "{EE3416A0-2889-42C3-8886-AAB5D0B617E8}"
EndProject
Project("{FAE04EC0-301F-11D3-BF4B-00C04F79EFBC}") = "Webpack.Infrastructure", "Webpack.Infrastructure\Webpack.Infrastructure.csproj", "{57DD7FAD-37A1-42FF-B518-94CBB3F9F4F3}"
EndProject
Global
	GlobalSection(SolutionConfigurationPlatforms) = preSolution
		Debug|Any CPU = Debug|Any CPU
		Release|Any CPU = Release|Any CPU
	EndGlobalSection
	GlobalSection(ProjectConfigurationPlatforms) = postSolution
		{825DD96D-26E6-4407-B200-19648026F7CE}.Debug|Any CPU.ActiveCfg = Debug|Any CPU
		{825DD96D-26E6-4407-B200-19648026F7CE}.Debug|Any CPU.Build.0 = Debug|Any CPU
		{825DD96D-26E6-4407-B200-19648026F7CE}.Release|Any CPU.ActiveCfg = Release|Any CPU
		{825DD96D-26E6-4407-B200-19648026F7CE}.Release|Any CPU.Build.0 = Release|Any CPU
		{85F9A5C7-945F-4204-92FD-5E0E18A1D9B9}.Debug|Any CPU.ActiveCfg = Debug|Any CPU
		{85F9A5C7-945F-4204-92FD-5E0E18A1D9B9}.Debug|Any CPU.Build.0 = Debug|Any CPU
		{85F9A5C7-945F-4204-92FD-5E0E18A1D9B9}.Release|Any CPU.ActiveCfg = Release|Any CPU
		{85F9A5C7-945F-4204-92FD-5E0E18A1D9B9}.Release|Any CPU.Build.0 = Release|Any CPU
		{EE3416A0-2889-42C3-8886-AAB5D0B617E8}.Debug|Any CPU.ActiveCfg = Debug|Any CPU
		{EE3416A0-2889-42C3-8886-AAB5D0B617E8}.Debug|Any CPU.Build.0 = Debug|Any CPU
		{EE3416A0-2889-42C3-8886-AAB5D0B617E8}.Release|Any CPU.ActiveCfg = Release|Any CPU
		{EE3416A0-2889-42C3-8886-AAB5D0B617E8}.Release|Any CPU.Build.0 = Release|Any CPU
		{57DD7FAD-37A1-42FF-B518-94CBB3F9F4F3}.Debug|Any CPU.ActiveCfg = Debug|Any CPU
		{57DD7FAD-37A1-42FF-B518-94CBB3F9F4F3}.Debug|Any CPU.Build.0 = Debug|Any CPU
		{57DD7FAD-37A1-42FF-B518-94CBB3F9F4F3}.Release|Any CPU.ActiveCfg = Release|Any CPU
		{57DD7FAD-37A1-42FF-B518-94CBB3F9F4F3}.Release|Any CPU.Build.0 = Release|Any CPU
	EndGlobalSection
	GlobalSection(SolutionProperties) = preSolution
		HideSolutionNode = FALSE
	EndGlobalSection
	GlobalSection(ExtensibilityGlobals) = postSolution
		SolutionGuid = {128C3247-1770-43F8-B547-5760DC467B8A}
	EndGlobalSection
EndGlobal
